PODS:
  - SwiftLinkPreview (2.2.0)
  - SwiftyJSON (4.0.0)

DEPENDENCIES:
  - SwiftLinkPreview (= 2.2.0)
  - SwiftyJSON (= 4.0.0)

SPEC CHECKSUMS:
  SwiftLinkPreview: ba2ec1f15a5309eb49aeabe7e20718162406aab2
  SwiftyJSON: 070dabdcb1beb81b247c65ffa3a79dbbfb3b48aa

PODFILE CHECKSUM: 1ee7194ef17544f701f7f264527442b504d43c7b

COCOAPODS: 1.2.0
